
Microsoft Visual Studio Solution File, Format Version 12.00
Project("{FAE04EC0-301F-11D3-BF4B-00C04F79EFBC}") = "DDD.BuildingBlocks.AzurePackage", "src\DDD.BuildingBlocks.AzurePackage\DDD.BuildingBlocks.AzurePackage.csproj", "{0710E6AA-8080-4568-8370-9DB7E868CE2C}"
EndProject
Project("{FAE04EC0-301F-11D3-BF4B-00C04F79EFBC}") = "DDD.BuildingBlocks.Core", "src\DDD.BuildingBlocks.Core\DDD.BuildingBlocks.Core.csproj", "{7AC40419-B0C8-42E9-9C5F-D74FE8E3FF74}"
EndProject
Project("{FAE04EC0-301F-11D3-BF4B-00C04F79EFBC}") = "DDD.BuildingBlocks.DevelopmentPackage", "src\DDD.BuildingBlocks.DevelopmentPackage\DDD.BuildingBlocks.DevelopmentPackage.csproj", "{7EC0DAF6-D9C9-4B27-A3D3-CBA0E27CE8E6}"
EndProject
Project("{FAE04EC0-301F-11D3-BF4B-00C04F79EFBC}") = "DDD.BuildingBlocks.DI.Extensions", "src\DDD.BuildingBlocks.DI.Extensions\DDD.BuildingBlocks.DI.Extensions.csproj", "{C22AA96D-CD55-4F84-A1CE-653DF2F399C3}"
EndProject
Project("{FAE04EC0-301F-11D3-BF4B-00C04F79EFBC}") = "DDD.BuildingBlocks.Hosting.Background", "src\DDD.BuildingBlocks.Hosting.Background\DDD.BuildingBlocks.Hosting.Background.csproj", "{6825600A-F85E-4F9E-A776-FF633781FA65}"
EndProject
Project("{FAE04EC0-301F-11D3-BF4B-00C04F79EFBC}") = "DDD.BuildingBlocks.MSSQLPackage", "src\DDD.BuildingBlocks.MSSQLPackage\DDD.BuildingBlocks.MSSQLPackage.csproj", "{2BB6C340-DC76-4834-8D0A-39E1CB17A1AE}"
EndProject
Project("{2150E333-8FDC-42A3-9474-1A3956D46DE8}") = "src", "src", "{B63E515B-B222-4465-A33C-10B55A424BB8}"
EndProject
Project("{2150E333-8FDC-42A3-9474-1A3956D46DE8}") = "test", "test", "{B6F2E999-E4B8-4D70-9162-E064CE7E4A37}"
EndProject
Project("{FAE04EC0-301F-11D3-BF4B-00C04F79EFBC}") = "DDD.BuildingBlocks.Core.Tests.Unit", "test\DDD.BuildingBlocks.Core.Tests.Unit\DDD.BuildingBlocks.Core.Tests.Unit.csproj", "{27901E9D-A6EB-4DF7-AA3B-6433B53E67A8}"
EndProject
Project("{FAE04EC0-301F-11D3-BF4B-00C04F79EFBC}") = "DDD.BuildingBlocks.DevelopmentPackage.Tests.Integration", "test\DDD.BuildingBlocks.DevelopmentPackage.Tests.Integration\DDD.BuildingBlocks.DevelopmentPackage.Tests.Integration.csproj", "{B2CD9A2B-8154-41EF-92FA-F8F4F80B83AE}"
EndProject
Project("{FAE04EC0-301F-11D3-BF4B-00C04F79EFBC}") = "DDD.BuildingBlocks.MSSQLPackage.Tests.Integration", "test\DDD.BuildingBlocks.MSSQLPackage.Tests.Integration\DDD.BuildingBlocks.MSSQLPackage.Tests.Integration.csproj", "{16830F35-4217-4E49-80E6-A0E785141C15}"
EndProject
Project("{FAE04EC0-301F-11D3-BF4B-00C04F79EFBC}") = "DDD.BuildingBlocks.Tests.Abstracts", "test\DDD.BuildingBlocks.Tests.Abstracts\DDD.BuildingBlocks.Tests.Abstracts.csproj", "{6F65184F-C6E1-4019-AAF1-0900BBD6D6CF}"
EndProject
Project("{2150E333-8FDC-42A3-9474-1A3956D46DE8}") = "example", "example", "{87360437-E319-4D43-A120-886A84373288}"
EndProject
Project("{FAE04EC0-301F-11D3-BF4B-00C04F79EFBC}") = "RocketLaunch.Domain", "example\RocketLaunch.Domain\RocketLaunch.Domain.csproj", "{C4196D76-A19C-4EDB-B17B-5B7DB55E827D}"
EndProject
Project("{FAE04EC0-301F-11D3-BF4B-00C04F79EFBC}") = "RocketLaunch.SharedKernel", "example\RocketLaunch.SharedKernel\RocketLaunch.SharedKernel.csproj", "{F399DFD2-6B17-4FC5-BBF3-16808839F2F2}"
EndProject
Project("{FAE04EC0-301F-11D3-BF4B-00C04F79EFBC}") = "RocketLaunch.Domain.Tests", "example\RocketLaunch.Domain.Tests\RocketLaunch.Domain.Tests.csproj", "{87A85955-F558-444C-AD52-6DDE18B8B138}"
EndProject
Project("{FAE04EC0-301F-11D3-BF4B-00C04F79EFBC}") = "LunarOps.Domain", "example\LunarOps.Domain\LunarOps.Domain.csproj", "{AA4A5579-DFAA-41F1-9B67-DA63B43225D5}"
EndProject
Project("{FAE04EC0-301F-11D3-BF4B-00C04F79EFBC}") = "LunarOps.SharedKernel", "example\LunarOps.SharedKernel\LunarOps.SharedKernel.csproj", "{8EFFC70E-74C9-4120-A7F4-BB2B7368A82F}"
EndProject
Project("{FAE04EC0-301F-11D3-BF4B-00C04F79EFBC}") = "LunarOps.Domain.Tests", "example\LunarOps.Domain.Tests\LunarOps.Domain.Tests.csproj", "{F385E61C-535D-4D37-8BF3-1E4225248989}"
EndProject
Project("{FAE04EC0-301F-11D3-BF4B-00C04F79EFBC}") = "RocketLaunch.Application", "example\RocketLaunch.Application\RocketLaunch.Application.csproj", "{C522B92D-1852-46B5-9672-49CE2355F3ED}"
EndProject
Project("{FAE04EC0-301F-11D3-BF4B-00C04F79EFBC}") = "RocketLaunch.ReadModel.Core", "example\RocketLaunch.ReadModel.Core\RocketLaunch.ReadModel.Core.csproj", "{9919E526-11EF-4A9D-A323-B8AF188B5AB9}"
EndProject
Project("{2150E333-8FDC-42A3-9474-1A3956D46DE8}") = "domain", "domain", "{8DD3556E-5276-4232-BAEA-93695D2F283F}"
EndProject
Project("{2150E333-8FDC-42A3-9474-1A3956D46DE8}") = "application", "application", "{122306EE-7942-41E2-B6BF-287C793EF48B}"
EndProject
Project("{2150E333-8FDC-42A3-9474-1A3956D46DE8}") = "readmodel", "readmodel", "{EBD371C6-6232-4754-8939-9FD8B6A028E1}"
EndProject
Project("{FAE04EC0-301F-11D3-BF4B-00C04F79EFBC}") = "RocketLaunch.ReadModel.InMemory", "example\RocketLaunch.ReadModel.InMemory\RocketLaunch.ReadModel.InMemory.csproj", "{E901DB43-EC0D-478F-B3C5-A9E2807702E9}"
EndProject
Global
	GlobalSection(SolutionConfigurationPlatforms) = preSolution
		Debug|Any CPU = Debug|Any CPU
		Release|Any CPU = Release|Any CPU
	EndGlobalSection
	GlobalSection(ProjectConfigurationPlatforms) = postSolution
		{0710E6AA-8080-4568-8370-9DB7E868CE2C}.Debug|Any CPU.ActiveCfg = Debug|Any CPU
		{0710E6AA-8080-4568-8370-9DB7E868CE2C}.Debug|Any CPU.Build.0 = Debug|Any CPU
		{0710E6AA-8080-4568-8370-9DB7E868CE2C}.Release|Any CPU.ActiveCfg = Release|Any CPU
		{0710E6AA-8080-4568-8370-9DB7E868CE2C}.Release|Any CPU.Build.0 = Release|Any CPU
		{7AC40419-B0C8-42E9-9C5F-D74FE8E3FF74}.Debug|Any CPU.ActiveCfg = Debug|Any CPU
		{7AC40419-B0C8-42E9-9C5F-D74FE8E3FF74}.Debug|Any CPU.Build.0 = Debug|Any CPU
		{7AC40419-B0C8-42E9-9C5F-D74FE8E3FF74}.Release|Any CPU.ActiveCfg = Release|Any CPU
		{7AC40419-B0C8-42E9-9C5F-D74FE8E3FF74}.Release|Any CPU.Build.0 = Release|Any CPU
		{7EC0DAF6-D9C9-4B27-A3D3-CBA0E27CE8E6}.Debug|Any CPU.ActiveCfg = Debug|Any CPU
		{7EC0DAF6-D9C9-4B27-A3D3-CBA0E27CE8E6}.Debug|Any CPU.Build.0 = Debug|Any CPU
		{7EC0DAF6-D9C9-4B27-A3D3-CBA0E27CE8E6}.Release|Any CPU.ActiveCfg = Release|Any CPU
		{7EC0DAF6-D9C9-4B27-A3D3-CBA0E27CE8E6}.Release|Any CPU.Build.0 = Release|Any CPU
		{C22AA96D-CD55-4F84-A1CE-653DF2F399C3}.Debug|Any CPU.ActiveCfg = Debug|Any CPU
		{C22AA96D-CD55-4F84-A1CE-653DF2F399C3}.Debug|Any CPU.Build.0 = Debug|Any CPU
		{C22AA96D-CD55-4F84-A1CE-653DF2F399C3}.Release|Any CPU.ActiveCfg = Release|Any CPU
		{C22AA96D-CD55-4F84-A1CE-653DF2F399C3}.Release|Any CPU.Build.0 = Release|Any CPU
		{6825600A-F85E-4F9E-A776-FF633781FA65}.Debug|Any CPU.ActiveCfg = Debug|Any CPU
		{6825600A-F85E-4F9E-A776-FF633781FA65}.Debug|Any CPU.Build.0 = Debug|Any CPU
		{6825600A-F85E-4F9E-A776-FF633781FA65}.Release|Any CPU.ActiveCfg = Release|Any CPU
		{6825600A-F85E-4F9E-A776-FF633781FA65}.Release|Any CPU.Build.0 = Release|Any CPU
		{2BB6C340-DC76-4834-8D0A-39E1CB17A1AE}.Debug|Any CPU.ActiveCfg = Debug|Any CPU
		{2BB6C340-DC76-4834-8D0A-39E1CB17A1AE}.Debug|Any CPU.Build.0 = Debug|Any CPU
		{2BB6C340-DC76-4834-8D0A-39E1CB17A1AE}.Release|Any CPU.ActiveCfg = Release|Any CPU
		{2BB6C340-DC76-4834-8D0A-39E1CB17A1AE}.Release|Any CPU.Build.0 = Release|Any CPU
		{27901E9D-A6EB-4DF7-AA3B-6433B53E67A8}.Debug|Any CPU.ActiveCfg = Debug|Any CPU
		{27901E9D-A6EB-4DF7-AA3B-6433B53E67A8}.Debug|Any CPU.Build.0 = Debug|Any CPU
		{27901E9D-A6EB-4DF7-AA3B-6433B53E67A8}.Release|Any CPU.ActiveCfg = Release|Any CPU
		{27901E9D-A6EB-4DF7-AA3B-6433B53E67A8}.Release|Any CPU.Build.0 = Release|Any CPU
		{B2CD9A2B-8154-41EF-92FA-F8F4F80B83AE}.Debug|Any CPU.ActiveCfg = Debug|Any CPU
		{B2CD9A2B-8154-41EF-92FA-F8F4F80B83AE}.Debug|Any CPU.Build.0 = Debug|Any CPU
		{B2CD9A2B-8154-41EF-92FA-F8F4F80B83AE}.Release|Any CPU.ActiveCfg = Release|Any CPU
		{B2CD9A2B-8154-41EF-92FA-F8F4F80B83AE}.Release|Any CPU.Build.0 = Release|Any CPU
		{16830F35-4217-4E49-80E6-A0E785141C15}.Debug|Any CPU.ActiveCfg = Debug|Any CPU
		{16830F35-4217-4E49-80E6-A0E785141C15}.Debug|Any CPU.Build.0 = Debug|Any CPU
		{16830F35-4217-4E49-80E6-A0E785141C15}.Release|Any CPU.ActiveCfg = Release|Any CPU
		{16830F35-4217-4E49-80E6-A0E785141C15}.Release|Any CPU.Build.0 = Release|Any CPU
		{6F65184F-C6E1-4019-AAF1-0900BBD6D6CF}.Debug|Any CPU.ActiveCfg = Debug|Any CPU
		{6F65184F-C6E1-4019-AAF1-0900BBD6D6CF}.Debug|Any CPU.Build.0 = Debug|Any CPU
		{6F65184F-C6E1-4019-AAF1-0900BBD6D6CF}.Release|Any CPU.ActiveCfg = Release|Any CPU
		{6F65184F-C6E1-4019-AAF1-0900BBD6D6CF}.Release|Any CPU.Build.0 = Release|Any CPU
		{C4196D76-A19C-4EDB-B17B-5B7DB55E827D}.Debug|Any CPU.ActiveCfg = Debug|Any CPU
		{C4196D76-A19C-4EDB-B17B-5B7DB55E827D}.Debug|Any CPU.Build.0 = Debug|Any CPU
		{C4196D76-A19C-4EDB-B17B-5B7DB55E827D}.Release|Any CPU.ActiveCfg = Release|Any CPU
		{C4196D76-A19C-4EDB-B17B-5B7DB55E827D}.Release|Any CPU.Build.0 = Release|Any CPU
		{F399DFD2-6B17-4FC5-BBF3-16808839F2F2}.Debug|Any CPU.ActiveCfg = Debug|Any CPU
		{F399DFD2-6B17-4FC5-BBF3-16808839F2F2}.Debug|Any CPU.Build.0 = Debug|Any CPU
		{F399DFD2-6B17-4FC5-BBF3-16808839F2F2}.Release|Any CPU.ActiveCfg = Release|Any CPU
		{F399DFD2-6B17-4FC5-BBF3-16808839F2F2}.Release|Any CPU.Build.0 = Release|Any CPU
		{87A85955-F558-444C-AD52-6DDE18B8B138}.Debug|Any CPU.ActiveCfg = Debug|Any CPU
		{87A85955-F558-444C-AD52-6DDE18B8B138}.Debug|Any CPU.Build.0 = Debug|Any CPU
		{87A85955-F558-444C-AD52-6DDE18B8B138}.Release|Any CPU.ActiveCfg = Release|Any CPU
		{87A85955-F558-444C-AD52-6DDE18B8B138}.Release|Any CPU.Build.0 = Release|Any CPU
		{AA4A5579-DFAA-41F1-9B67-DA63B43225D5}.Debug|Any CPU.ActiveCfg = Debug|Any CPU
		{AA4A5579-DFAA-41F1-9B67-DA63B43225D5}.Debug|Any CPU.Build.0 = Debug|Any CPU
		{AA4A5579-DFAA-41F1-9B67-DA63B43225D5}.Release|Any CPU.ActiveCfg = Release|Any CPU
		{AA4A5579-DFAA-41F1-9B67-DA63B43225D5}.Release|Any CPU.Build.0 = Release|Any CPU
		{8EFFC70E-74C9-4120-A7F4-BB2B7368A82F}.Debug|Any CPU.ActiveCfg = Debug|Any CPU
		{8EFFC70E-74C9-4120-A7F4-BB2B7368A82F}.Debug|Any CPU.Build.0 = Debug|Any CPU
		{8EFFC70E-74C9-4120-A7F4-BB2B7368A82F}.Release|Any CPU.ActiveCfg = Release|Any CPU
		{8EFFC70E-74C9-4120-A7F4-BB2B7368A82F}.Release|Any CPU.Build.0 = Release|Any CPU
		{F385E61C-535D-4D37-8BF3-1E4225248989}.Debug|Any CPU.ActiveCfg = Debug|Any CPU
		{F385E61C-535D-4D37-8BF3-1E4225248989}.Debug|Any CPU.Build.0 = Debug|Any CPU
		{F385E61C-535D-4D37-8BF3-1E4225248989}.Release|Any CPU.ActiveCfg = Release|Any CPU
		{F385E61C-535D-4D37-8BF3-1E4225248989}.Release|Any CPU.Build.0 = Release|Any CPU
		{C522B92D-1852-46B5-9672-49CE2355F3ED}.Debug|Any CPU.ActiveCfg = Debug|Any CPU
		{C522B92D-1852-46B5-9672-49CE2355F3ED}.Debug|Any CPU.Build.0 = Debug|Any CPU
		{C522B92D-1852-46B5-9672-49CE2355F3ED}.Release|Any CPU.ActiveCfg = Release|Any CPU
		{C522B92D-1852-46B5-9672-49CE2355F3ED}.Release|Any CPU.Build.0 = Release|Any CPU
		{9919E526-11EF-4A9D-A323-B8AF188B5AB9}.Debug|Any CPU.ActiveCfg = Debug|Any CPU
		{9919E526-11EF-4A9D-A323-B8AF188B5AB9}.Debug|Any CPU.Build.0 = Debug|Any CPU
		{9919E526-11EF-4A9D-A323-B8AF188B5AB9}.Release|Any CPU.ActiveCfg = Release|Any CPU
		{9919E526-11EF-4A9D-A323-B8AF188B5AB9}.Release|Any CPU.Build.0 = Release|Any CPU
		{E901DB43-EC0D-478F-B3C5-A9E2807702E9}.Debug|Any CPU.ActiveCfg = Debug|Any CPU
		{E901DB43-EC0D-478F-B3C5-A9E2807702E9}.Debug|Any CPU.Build.0 = Debug|Any CPU
		{E901DB43-EC0D-478F-B3C5-A9E2807702E9}.Release|Any CPU.ActiveCfg = Release|Any CPU
		{E901DB43-EC0D-478F-B3C5-A9E2807702E9}.Release|Any CPU.Build.0 = Release|Any CPU
	EndGlobalSection
	GlobalSection(NestedProjects) = preSolution
		{0710E6AA-8080-4568-8370-9DB7E868CE2C} = {B63E515B-B222-4465-A33C-10B55A424BB8}
		{7AC40419-B0C8-42E9-9C5F-D74FE8E3FF74} = {B63E515B-B222-4465-A33C-10B55A424BB8}
		{7EC0DAF6-D9C9-4B27-A3D3-CBA0E27CE8E6} = {B63E515B-B222-4465-A33C-10B55A424BB8}
		{C22AA96D-CD55-4F84-A1CE-653DF2F399C3} = {B63E515B-B222-4465-A33C-10B55A424BB8}
		{6825600A-F85E-4F9E-A776-FF633781FA65} = {B63E515B-B222-4465-A33C-10B55A424BB8}
		{2BB6C340-DC76-4834-8D0A-39E1CB17A1AE} = {B63E515B-B222-4465-A33C-10B55A424BB8}
		{27901E9D-A6EB-4DF7-AA3B-6433B53E67A8} = {B6F2E999-E4B8-4D70-9162-E064CE7E4A37}
		{B2CD9A2B-8154-41EF-92FA-F8F4F80B83AE} = {B6F2E999-E4B8-4D70-9162-E064CE7E4A37}
		{16830F35-4217-4E49-80E6-A0E785141C15} = {B6F2E999-E4B8-4D70-9162-E064CE7E4A37}
		{6F65184F-C6E1-4019-AAF1-0900BBD6D6CF} = {B6F2E999-E4B8-4D70-9162-E064CE7E4A37}
		{87A85955-F558-444C-AD52-6DDE18B8B138} = {87360437-E319-4D43-A120-886A84373288}
		{F385E61C-535D-4D37-8BF3-1E4225248989} = {87360437-E319-4D43-A120-886A84373288}
		{8DD3556E-5276-4232-BAEA-93695D2F283F} = {87360437-E319-4D43-A120-886A84373288}
		{122306EE-7942-41E2-B6BF-287C793EF48B} = {87360437-E319-4D43-A120-886A84373288}
		{EBD371C6-6232-4754-8939-9FD8B6A028E1} = {87360437-E319-4D43-A120-886A84373288}
		{AA4A5579-DFAA-41F1-9B67-DA63B43225D5} = {8DD3556E-5276-4232-BAEA-93695D2F283F}
		{8EFFC70E-74C9-4120-A7F4-BB2B7368A82F} = {8DD3556E-5276-4232-BAEA-93695D2F283F}
		{C4196D76-A19C-4EDB-B17B-5B7DB55E827D} = {8DD3556E-5276-4232-BAEA-93695D2F283F}
		{F399DFD2-6B17-4FC5-BBF3-16808839F2F2} = {8DD3556E-5276-4232-BAEA-93695D2F283F}
		{C522B92D-1852-46B5-9672-49CE2355F3ED} = {122306EE-7942-41E2-B6BF-287C793EF48B}
		{9919E526-11EF-4A9D-A323-B8AF188B5AB9} = {EBD371C6-6232-4754-8939-9FD8B6A028E1}
		{E901DB43-EC0D-478F-B3C5-A9E2807702E9} = {EBD371C6-6232-4754-8939-9FD8B6A028E1}
	EndGlobalSection
EndGlobal
